// !$*UTF8*$!
{
	archiveVersion = 1;
	classes = {
	};
	objectVersion = 50;
	objects = {

/* Begin PBXBuildFile section */
		2395F13F21EDD3610038084E /* Layout.h in Headers */ = {isa = PBXBuildFile; fileRef = 2395F13D21EDD3610038084E /* Layout.h */; settings = {ATTRIBUTES = (Public, ); }; };
		2395F14721EDD4820038084E /* LayoutAnchor.swift in Sources */ = {isa = PBXBuildFile; fileRef = 2395F14621EDD4820038084E /* LayoutAnchor.swift */; };
		2395F14A21EDD51D0038084E /* NSLayoutAnchor+LayoutAnchor.swift in Sources */ = {isa = PBXBuildFile; fileRef = 2395F14921EDD51D0038084E /* NSLayoutAnchor+LayoutAnchor.swift */; };
		2395F14C21EDD5AE0038084E /* LayoutProxy.swift in Sources */ = {isa = PBXBuildFile; fileRef = 2395F14B21EDD5AE0038084E /* LayoutProxy.swift */; };
		2395F14E21EDD6550038084E /* LayoutProperty.swift in Sources */ = {isa = PBXBuildFile; fileRef = 2395F14D21EDD6550038084E /* LayoutProperty.swift */; };
		2395F15021EDDB530038084E /* UIView+Layout.swift in Sources */ = {isa = PBXBuildFile; fileRef = 2395F14F21EDDB530038084E /* UIView+Layout.swift */; };
		2395F15221EDDF9A0038084E /* LayoutAnchor+Comparable.swift in Sources */ = {isa = PBXBuildFile; fileRef = 2395F15121EDDF9A0038084E /* LayoutAnchor+Comparable.swift */; };
		AC4821A921FC6C7A008FE8FD /* UniformKeyPathInitializable.swift in Sources */ = {isa = PBXBuildFile; fileRef = AC4821A821FC6C7A008FE8FD /* UniformKeyPathInitializable.swift */; };
		AC4821AB21FC6CAC008FE8FD /* UniformKeyPathInitializable+Init.swift in Sources */ = {isa = PBXBuildFile; fileRef = AC4821AA21FC6CAC008FE8FD /* UniformKeyPathInitializable+Init.swift */; };
		AC4821AD21FC6D79008FE8FD /* CGSize+UniformKeyPathInitializable.swift in Sources */ = {isa = PBXBuildFile; fileRef = AC4821AC21FC6D79008FE8FD /* CGSize+UniformKeyPathInitializable.swift */; };
/* End PBXBuildFile section */

/* Begin PBXFileReference section */
		2395F13A21EDD3610038084E /* Layout.framework */ = {isa = PBXFileReference; explicitFileType = wrapper.framework; includeInIndex = 0; path = Layout.framework; sourceTree = BUILT_PRODUCTS_DIR; };
		2395F13D21EDD3610038084E /* Layout.h */ = {isa = PBXFileReference; lastKnownFileType = sourcecode.c.h; path = Layout.h; sourceTree = "<group>"; };
		2395F13E21EDD3610038084E /* Info.plist */ = {isa = PBXFileReference; lastKnownFileType = text.plist.xml; path = Info.plist; sourceTree = "<group>"; };
		2395F14621EDD4820038084E /* LayoutAnchor.swift */ = {isa = PBXFileReference; lastKnownFileType = sourcecode.swift; path = LayoutAnchor.swift; sourceTree = "<group>"; };
		2395F14921EDD51D0038084E /* NSLayoutAnchor+LayoutAnchor.swift */ = {isa = PBXFileReference; lastKnownFileType = sourcecode.swift; path = "NSLayoutAnchor+LayoutAnchor.swift"; sourceTree = "<group>"; };
		2395F14B21EDD5AE0038084E /* LayoutProxy.swift */ = {isa = PBXFileReference; lastKnownFileType = sourcecode.swift; path = LayoutProxy.swift; sourceTree = "<group>"; };
		2395F14D21EDD6550038084E /* LayoutProperty.swift */ = {isa = PBXFileReference; lastKnownFileType = sourcecode.swift; path = LayoutProperty.swift; sourceTree = "<group>"; };
		2395F14F21EDDB530038084E /* UIView+Layout.swift */ = {isa = PBXFileReference; lastKnownFileType = sourcecode.swift; path = "UIView+Layout.swift"; sourceTree = "<group>"; };
		2395F15121EDDF9A0038084E /* LayoutAnchor+Comparable.swift */ = {isa = PBXFileReference; lastKnownFileType = sourcecode.swift; path = "LayoutAnchor+Comparable.swift"; sourceTree = "<group>"; };
		AC4821A821FC6C7A008FE8FD /* UniformKeyPathInitializable.swift */ = {isa = PBXFileReference; lastKnownFileType = sourcecode.swift; path = UniformKeyPathInitializable.swift; sourceTree = "<group>"; };
		AC4821AA21FC6CAC008FE8FD /* UniformKeyPathInitializable+Init.swift */ = {isa = PBXFileReference; lastKnownFileType = sourcecode.swift; path = "UniformKeyPathInitializable+Init.swift"; sourceTree = "<group>"; };
		AC4821AC21FC6D79008FE8FD /* CGSize+UniformKeyPathInitializable.swift */ = {isa = PBXFileReference; lastKnownFileType = sourcecode.swift; path = "CGSize+UniformKeyPathInitializable.swift"; sourceTree = "<group>"; };
/* End PBXFileReference section */

/* Begin PBXFrameworksBuildPhase section */
		2395F13721EDD3610038084E /* Frameworks */ = {
			isa = PBXFrameworksBuildPhase;
			buildActionMask = 2147483647;
			files = (
			);
			runOnlyForDeploymentPostprocessing = 0;
		};
/* End PBXFrameworksBuildPhase section */

/* Begin PBXGroup section */
		2395F13021EDD3610038084E = {
			isa = PBXGroup;
			children = (
				2395F13C21EDD3610038084E /* Layout */,
				2395F13B21EDD3610038084E /* Products */,
			);
			sourceTree = "<group>";
		};
		2395F13B21EDD3610038084E /* Products */ = {
			isa = PBXGroup;
			children = (
				2395F13A21EDD3610038084E /* Layout.framework */,
			);
			name = Products;
			sourceTree = "<group>";
		};
		2395F13C21EDD3610038084E /* Layout */ = {
			isa = PBXGroup;
			children = (
				2395F14521EDD4560038084E /* Classes */,
				2395F13D21EDD3610038084E /* Layout.h */,
				2395F13E21EDD3610038084E /* Info.plist */,
			);
			path = Layout;
			sourceTree = "<group>";
		};
		2395F14521EDD4560038084E /* Classes */ = {
			isa = PBXGroup;
			children = (
				2395F14621EDD4820038084E /* LayoutAnchor.swift */,
				2395F14B21EDD5AE0038084E /* LayoutProxy.swift */,
				2395F14D21EDD6550038084E /* LayoutProperty.swift */,
				AC4821A721FC6C5F008FE8FD /* Protocols */,
				2395F14821EDD4F10038084E /* Extensions */,
			);
			path = Classes;
			sourceTree = "<group>";
		};
		2395F14821EDD4F10038084E /* Extensions */ = {
			isa = PBXGroup;
			children = (
				2395F14921EDD51D0038084E /* NSLayoutAnchor+LayoutAnchor.swift */,
				2395F14F21EDDB530038084E /* UIView+Layout.swift */,
				2395F15121EDDF9A0038084E /* LayoutAnchor+Comparable.swift */,
				AC4821AA21FC6CAC008FE8FD /* UniformKeyPathInitializable+Init.swift */,
				AC4821AC21FC6D79008FE8FD /* CGSize+UniformKeyPathInitializable.swift */,
			);
			path = Extensions;
			sourceTree = "<group>";
		};
		AC4821A721FC6C5F008FE8FD /* Protocols */ = {
			isa = PBXGroup;
			children = (
				AC4821A821FC6C7A008FE8FD /* UniformKeyPathInitializable.swift */,
			);
			path = Protocols;
			sourceTree = "<group>";
		};
/* End PBXGroup section */

/* Begin PBXHeadersBuildPhase section */
		2395F13521EDD3610038084E /* Headers */ = {
			isa = PBXHeadersBuildPhase;
			buildActionMask = 2147483647;
			files = (
				2395F13F21EDD3610038084E /* Layout.h in Headers */,
			);
			runOnlyForDeploymentPostprocessing = 0;
		};
/* End PBXHeadersBuildPhase section */

/* Begin PBXNativeTarget section */
		2395F13921EDD3610038084E /* Layout */ = {
			isa = PBXNativeTarget;
			buildConfigurationList = 2395F14221EDD3610038084E /* Build configuration list for PBXNativeTarget "Layout" */;
			buildPhases = (
				2395F13521EDD3610038084E /* Headers */,
				2395F13621EDD3610038084E /* Sources */,
				2395F13721EDD3610038084E /* Frameworks */,
				2395F13821EDD3610038084E /* Resources */,
			);
			buildRules = (
			);
			dependencies = (
			);
			name = Layout;
			productName = Layout;
			productReference = 2395F13A21EDD3610038084E /* Layout.framework */;
			productType = "com.apple.product-type.framework";
		};
/* End PBXNativeTarget section */

/* Begin PBXProject section */
		2395F13121EDD3610038084E /* Project object */ = {
			isa = PBXProject;
			attributes = {
				LastUpgradeCheck = 1010;
				ORGANIZATIONNAME = "gorilka-team";
				TargetAttributes = {
					2395F13921EDD3610038084E = {
						CreatedOnToolsVersion = 10.1;
						LastSwiftMigration = 1020;
					};
				};
			};
			buildConfigurationList = 2395F13421EDD3610038084E /* Build configuration list for PBXProject "Layout" */;
			compatibilityVersion = "Xcode 9.3";
			developmentRegion = en;
			hasScannedForEncodings = 0;
			knownRegions = (
				en,
				Base,
			);
			mainGroup = 2395F13021EDD3610038084E;
			productRefGroup = 2395F13B21EDD3610038084E /* Products */;
			projectDirPath = "";
			projectRoot = "";
			targets = (
				2395F13921EDD3610038084E /* Layout */,
			);
		};
/* End PBXProject section */

/* Begin PBXResourcesBuildPhase section */
		2395F13821EDD3610038084E /* Resources */ = {
			isa = PBXResourcesBuildPhase;
			buildActionMask = 2147483647;
			files = (
			);
			runOnlyForDeploymentPostprocessing = 0;
		};
/* End PBXResourcesBuildPhase section */

/* Begin PBXSourcesBuildPhase section */
		2395F13621EDD3610038084E /* Sources */ = {
			isa = PBXSourcesBuildPhase;
			buildActionMask = 2147483647;
			files = (
				2395F14A21EDD51D0038084E /* NSLayoutAnchor+LayoutAnchor.swift in Sources */,
				2395F14721EDD4820038084E /* LayoutAnchor.swift in Sources */,
				2395F14E21EDD6550038084E /* LayoutProperty.swift in Sources */,
				2395F14C21EDD5AE0038084E /* LayoutProxy.swift in Sources */,
				AC4821AD21FC6D79008FE8FD /* CGSize+UniformKeyPathInitializable.swift in Sources */,
				2395F15221EDDF9A0038084E /* LayoutAnchor+Comparable.swift in Sources */,
				2395F15021EDDB530038084E /* UIView+Layout.swift in Sources */,
				AC4821A921FC6C7A008FE8FD /* UniformKeyPathInitializable.swift in Sources */,
				AC4821AB21FC6CAC008FE8FD /* UniformKeyPathInitializable+Init.swift in Sources */,
			);
			runOnlyForDeploymentPostprocessing = 0;
		};
/* End PBXSourcesBuildPhase section */

/* Begin XCBuildConfiguration section */
		2395F14021EDD3610038084E /* Debug */ = {
			isa = XCBuildConfiguration;
			buildSettings = {
				ALWAYS_SEARCH_USER_PATHS = NO;
				CLANG_ANALYZER_NONNULL = YES;
				CLANG_ANALYZER_NUMBER_OBJECT_CONVERSION = YES_AGGRESSIVE;
				CLANG_CXX_LANGUAGE_STANDARD = "gnu++14";
				CLANG_CXX_LIBRARY = "libc++";
				CLANG_ENABLE_MODULES = YES;
				CLANG_ENABLE_OBJC_ARC = YES;
				CLANG_ENABLE_OBJC_WEAK = YES;
				CLANG_WARN_BLOCK_CAPTURE_AUTORELEASING = YES;
				CLANG_WARN_BOOL_CONVERSION = YES;
				CLANG_WARN_COMMA = YES;
				CLANG_WARN_CONSTANT_CONVERSION = YES;
				CLANG_WARN_DEPRECATED_OBJC_IMPLEMENTATIONS = YES;
				CLANG_WARN_DIRECT_OBJC_ISA_USAGE = YES_ERROR;
				CLANG_WARN_DOCUMENTATION_COMMENTS = YES;
				CLANG_WARN_EMPTY_BODY = YES;
				CLANG_WARN_ENUM_CONVERSION = YES;
				CLANG_WARN_INFINITE_RECURSION = YES;
				CLANG_WARN_INT_CONVERSION = YES;
				CLANG_WARN_NON_LITERAL_NULL_CONVERSION = YES;
				CLANG_WARN_OBJC_IMPLICIT_RETAIN_SELF = YES;
				CLANG_WARN_OBJC_LITERAL_CONVERSION = YES;
				CLANG_WARN_OBJC_ROOT_CLASS = YES_ERROR;
				CLANG_WARN_RANGE_LOOP_ANALYSIS = YES;
				CLANG_WARN_STRICT_PROTOTYPES = YES;
				CLANG_WARN_SUSPICIOUS_MOVE = YES;
				CLANG_WARN_UNGUARDED_AVAILABILITY = YES_AGGRESSIVE;
				CLANG_WARN_UNREACHABLE_CODE = YES;
				CLANG_WARN__DUPLICATE_METHOD_MATCH = YES;
				CODE_SIGN_IDENTITY = "iPhone Developer";
				COPY_PHASE_STRIP = NO;
				CURRENT_PROJECT_VERSION = 1;
				DEBUG_INFORMATION_FORMAT = dwarf;
				ENABLE_STRICT_OBJC_MSGSEND = YES;
				ENABLE_TESTABILITY = YES;
				GCC_C_LANGUAGE_STANDARD = gnu11;
				GCC_DYNAMIC_NO_PIC = NO;
				GCC_NO_COMMON_BLOCKS = YES;
				GCC_OPTIMIZATION_LEVEL = 0;
				GCC_PREPROCESSOR_DEFINITIONS = (
					"DEBUG=1",
					"$(inherited)",
				);
				GCC_WARN_64_TO_32_BIT_CONVERSION = YES;
				GCC_WARN_ABOUT_RETURN_TYPE = YES_ERROR;
				GCC_WARN_UNDECLARED_SELECTOR = YES;
				GCC_WARN_UNINITIALIZED_AUTOS = YES_AGGRESSIVE;
				GCC_WARN_UNUSED_FUNCTION = YES;
				GCC_WARN_UNUSED_VARIABLE = YES;
				IPHONEOS_DEPLOYMENT_TARGET = 12.1;
				MTL_ENABLE_DEBUG_INFO = INCLUDE_SOURCE;
				MTL_FAST_MATH = YES;
				ONLY_ACTIVE_ARCH = YES;
				SDKROOT = iphoneos;
				SWIFT_ACTIVE_COMPILATION_CONDITIONS = DEBUG;
				SWIFT_OPTIMIZATION_LEVEL = "-Onone";
				VERSIONING_SYSTEM = "apple-generic";
				VERSION_INFO_PREFIX = "";
			};
			name = Debug;
		};
		2395F14121EDD3610038084E /* Release */ = {
			isa = XCBuildConfiguration;
			buildSettings = {
				ALWAYS_SEARCH_USER_PATHS = NO;
				CLANG_ANALYZER_NONNULL = YES;
				CLANG_ANALYZER_NUMBER_OBJECT_CONVERSION = YES_AGGRESSIVE;
				CLANG_CXX_LANGUAGE_STANDARD = "gnu++14";
				CLANG_CXX_LIBRARY = "libc++";
				CLANG_ENABLE_MODULES = YES;
				CLANG_ENABLE_OBJC_ARC = YES;
				CLANG_ENABLE_OBJC_WEAK = YES;
				CLANG_WARN_BLOCK_CAPTURE_AUTORELEASING = YES;
				CLANG_WARN_BOOL_CONVERSION = YES;
				CLANG_WARN_COMMA = YES;
				CLANG_WARN_CONSTANT_CONVERSION = YES;
				CLANG_WARN_DEPRECATED_OBJC_IMPLEMENTATIONS = YES;
				CLANG_WARN_DIRECT_OBJC_ISA_USAGE = YES_ERROR;
				CLANG_WARN_DOCUMENTATION_COMMENTS = YES;
				CLANG_WARN_EMPTY_BODY = YES;
				CLANG_WARN_ENUM_CONVERSION = YES;
				CLANG_WARN_INFINITE_RECURSION = YES;
				CLANG_WARN_INT_CONVERSION = YES;
				CLANG_WARN_NON_LITERAL_NULL_CONVERSION = YES;
				CLANG_WARN_OBJC_IMPLICIT_RETAIN_SELF = YES;
				CLANG_WARN_OBJC_LITERAL_CONVERSION = YES;
				CLANG_WARN_OBJC_ROOT_CLASS = YES_ERROR;
				CLANG_WARN_RANGE_LOOP_ANALYSIS = YES;
				CLANG_WARN_STRICT_PROTOTYPES = YES;
				CLANG_WARN_SUSPICIOUS_MOVE = YES;
				CLANG_WARN_UNGUARDED_AVAILABILITY = YES_AGGRESSIVE;
				CLANG_WARN_UNREACHABLE_CODE = YES;
				CLANG_WARN__DUPLICATE_METHOD_MATCH = YES;
				CODE_SIGN_IDENTITY = "iPhone Developer";
				COPY_PHASE_STRIP = NO;
				CURRENT_PROJECT_VERSION = 1;
				DEBUG_INFORMATION_FORMAT = "dwarf-with-dsym";
				ENABLE_NS_ASSERTIONS = NO;
				ENABLE_STRICT_OBJC_MSGSEND = YES;
				GCC_C_LANGUAGE_STANDARD = gnu11;
				GCC_NO_COMMON_BLOCKS = YES;
				GCC_WARN_64_TO_32_BIT_CONVERSION = YES;
				GCC_WARN_ABOUT_RETURN_TYPE = YES_ERROR;
				GCC_WARN_UNDECLARED_SELECTOR = YES;
				GCC_WARN_UNINITIALIZED_AUTOS = YES_AGGRESSIVE;
				GCC_WARN_UNUSED_FUNCTION = YES;
				GCC_WARN_UNUSED_VARIABLE = YES;
				IPHONEOS_DEPLOYMENT_TARGET = 12.1;
				MTL_ENABLE_DEBUG_INFO = NO;
				MTL_FAST_MATH = YES;
				SDKROOT = iphoneos;
				SWIFT_COMPILATION_MODE = wholemodule;
				SWIFT_OPTIMIZATION_LEVEL = "-O";
				VALIDATE_PRODUCT = YES;
				VERSIONING_SYSTEM = "apple-generic";
				VERSION_INFO_PREFIX = "";
			};
			name = Release;
		};
		2395F14321EDD3610038084E /* Debug */ = {
			isa = XCBuildConfiguration;
			buildSettings = {
				CLANG_ENABLE_MODULES = YES;
				CODE_SIGN_IDENTITY = "";
				CODE_SIGN_STYLE = Automatic;
				DEFINES_MODULE = YES;
				DYLIB_COMPATIBILITY_VERSION = 1;
				DYLIB_CURRENT_VERSION = 1;
				DYLIB_INSTALL_NAME_BASE = "@rpath";
				INFOPLIST_FILE = Layout/Info.plist;
				INSTALL_PATH = "$(LOCAL_LIBRARY_DIR)/Frameworks";
				IPHONEOS_DEPLOYMENT_TARGET = 10.0;
				LD_RUNPATH_SEARCH_PATHS = (
					"$(inherited)",
					"@executable_path/Frameworks",
					"@loader_path/Frameworks",
				);
				PRODUCT_BUNDLE_IDENTIFIER = "com.gorilka-team.Layout";
				PRODUCT_NAME = "$(TARGET_NAME:c99extidentifier)";
				SKIP_INSTALL = YES;
				SWIFT_OPTIMIZATION_LEVEL = "-Onone";
				SWIFT_VERSION = 5.0;
				TARGETED_DEVICE_FAMILY = "1,2";
			};
			name = Debug;
		};
		2395F14421EDD3610038084E /* Release */ = {
			isa = XCBuildConfiguration;
			buildSettings = {
				CLANG_ENABLE_MODULES = YES;
				CODE_SIGN_IDENTITY = "";
				CODE_SIGN_STYLE = Automatic;
				DEFINES_MODULE = YES;
				DYLIB_COMPATIBILITY_VERSION = 1;
				DYLIB_CURRENT_VERSION = 1;
				DYLIB_INSTALL_NAME_BASE = "@rpath";
				INFOPLIST_FILE = Layout/Info.plist;
				INSTALL_PATH = "$(LOCAL_LIBRARY_DIR)/Frameworks";
				IPHONEOS_DEPLOYMENT_TARGET = 10.0;
				LD_RUNPATH_SEARCH_PATHS = (
					"$(inherited)",
					"@executable_path/Frameworks",
					"@loader_path/Frameworks",
				);
				PRODUCT_BUNDLE_IDENTIFIER = "com.gorilka-team.Layout";
				PRODUCT_NAME = "$(TARGET_NAME:c99extidentifier)";
				SKIP_INSTALL = YES;
				SWIFT_VERSION = 5.0;
				TARGETED_DEVICE_FAMILY = "1,2";
			};
			name = Release;
		};
/* End XCBuildConfiguration section */

/* Begin XCConfigurationList section */
		2395F13421EDD3610038084E /* Build configuration list for PBXProject "Layout" */ = {
			isa = XCConfigurationList;
			buildConfigurations = (
				2395F14021EDD3610038084E /* Debug */,
				2395F14121EDD3610038084E /* Release */,
			);
			defaultConfigurationIsVisible = 0;
			defaultConfigurationName = Release;
		};
		2395F14221EDD3610038084E /* Build configuration list for PBXNativeTarget "Layout" */ = {
			isa = XCConfigurationList;
			buildConfigurations = (
				2395F14321EDD3610038084E /* Debug */,
				2395F14421EDD3610038084E /* Release */,
			);
			defaultConfigurationIsVisible = 0;
			defaultConfigurationName = Release;
		};
/* End XCConfigurationList section */
	};
	rootObject = 2395F13121EDD3610038084E /* Project object */;
}
